// !$*UTF8*$!
{
	archiveVersion = 1;
	classes = {
	};
	objectVersion = 46;
	objects = {

/* Begin PBXBuildFile section */
		6F6CCEC21D95915400324FE1 /* AppDelegate.swift in Sources */ = {isa = PBXBuildFile; fileRef = 6F6CCEC11D95915400324FE1 /* AppDelegate.swift */; };
		6F6CCEC41D95915400324FE1 /* ViewController.swift in Sources */ = {isa = PBXBuildFile; fileRef = 6F6CCEC31D95915400324FE1 /* ViewController.swift */; };
		6F6CCEC71D95915400324FE1 /* Main.storyboard in Resources */ = {isa = PBXBuildFile; fileRef = 6F6CCEC51D95915400324FE1 /* Main.storyboard */; };
		6F6CCEC91D95915400324FE1 /* Assets.xcassets in Resources */ = {isa = PBXBuildFile; fileRef = 6F6CCEC81D95915400324FE1 /* Assets.xcassets */; };
		6F6CCECC1D95915400324FE1 /* LaunchScreen.storyboard in Resources */ = {isa = PBXBuildFile; fileRef = 6F6CCECA1D95915400324FE1 /* LaunchScreen.storyboard */; };
		6F6CCED61D95918A00324FE1 /* SWRevealViewController.m in Sources */ = {isa = PBXBuildFile; fileRef = 6F6CCED51D95918A00324FE1 /* SWRevealViewController.m */; };
		6F6CCED91D95920500324FE1 /* UIViewController.swift in Sources */ = {isa = PBXBuildFile; fileRef = 6F6CCED81D95920500324FE1 /* UIViewController.swift */; };
		6F6CCEDC1D9592D100324FE1 /* PhotoViewController.swift in Sources */ = {isa = PBXBuildFile; fileRef = 6F6CCEDB1D9592D100324FE1 /* PhotoViewController.swift */; };
		6F6CCEDE1D95930800324FE1 /* MapViewController.swift in Sources */ = {isa = PBXBuildFile; fileRef = 6F6CCEDD1D95930800324FE1 /* MapViewController.swift */; };
		6F6CCEE01D95932500324FE1 /* BlahViewController.swift in Sources */ = {isa = PBXBuildFile; fileRef = 6F6CCEDF1D95932500324FE1 /* BlahViewController.swift */; };
		6F6CCEE21D95933C00324FE1 /* OneRightViewController.swift in Sources */ = {isa = PBXBuildFile; fileRef = 6F6CCEE11D95933C00324FE1 /* OneRightViewController.swift */; };
		6F6CCEE41D95935800324FE1 /* RearViewController.swift in Sources */ = {isa = PBXBuildFile; fileRef = 6F6CCEE31D95935800324FE1 /* RearViewController.swift */; };
		6F6CCEE61D95936900324FE1 /* RightViewController.swift in Sources */ = {isa = PBXBuildFile; fileRef = 6F6CCEE51D95936900324FE1 /* RightViewController.swift */; };
		6FB9D09F1D991C2500064FF0 /* ContainerSWRevealViewController.swift in Sources */ = {isa = PBXBuildFile; fileRef = 6FB9D09E1D991C2500064FF0 /* ContainerSWRevealViewController.swift */; };
		6FB9D0A11D9920CE00064FF0 /* UIPanGestureRecognizer.swift in Sources */ = {isa = PBXBuildFile; fileRef = 6FB9D0A01D9920CE00064FF0 /* UIPanGestureRecognizer.swift */; };
		6FB9D0A31D99516600064FF0 /* UIApplication.swift in Sources */ = {isa = PBXBuildFile; fileRef = 6FB9D0A21D99516600064FF0 /* UIApplication.swift */; };
		6FB9D0A51D99673000064FF0 /* SWRevealViewControllerMenuOptions.swift in Sources */ = {isa = PBXBuildFile; fileRef = 6FB9D0A41D99673000064FF0 /* SWRevealViewControllerMenuOptions.swift */; };
/* End PBXBuildFile section */

/* Begin PBXFileReference section */
		6F6CCEBE1D95915400324FE1 /* SwiftRevealViewController.app */ = {isa = PBXFileReference; explicitFileType = wrapper.application; includeInIndex = 0; path = SwiftRevealViewController.app; sourceTree = BUILT_PRODUCTS_DIR; };
		6F6CCEC11D95915400324FE1 /* AppDelegate.swift */ = {isa = PBXFileReference; lastKnownFileType = sourcecode.swift; path = AppDelegate.swift; sourceTree = "<group>"; };
		6F6CCEC31D95915400324FE1 /* ViewController.swift */ = {isa = PBXFileReference; lastKnownFileType = sourcecode.swift; path = ViewController.swift; sourceTree = "<group>"; };
		6F6CCEC61D95915400324FE1 /* Base */ = {isa = PBXFileReference; lastKnownFileType = file.storyboard; name = Base; path = Base.lproj/Main.storyboard; sourceTree = "<group>"; };
		6F6CCEC81D95915400324FE1 /* Assets.xcassets */ = {isa = PBXFileReference; lastKnownFileType = folder.assetcatalog; path = Assets.xcassets; sourceTree = "<group>"; };
		6F6CCECB1D95915400324FE1 /* Base */ = {isa = PBXFileReference; lastKnownFileType = file.storyboard; name = Base; path = Base.lproj/LaunchScreen.storyboard; sourceTree = "<group>"; };
		6F6CCECD1D95915400324FE1 /* Info.plist */ = {isa = PBXFileReference; lastKnownFileType = text.plist.xml; path = Info.plist; sourceTree = "<group>"; };
		6F6CCED31D95918900324FE1 /* SwiftRevealViewController-Bridging-Header.h */ = {isa = PBXFileReference; lastKnownFileType = sourcecode.c.h; path = "SwiftRevealViewController-Bridging-Header.h"; sourceTree = "<group>"; };
		6F6CCED41D95918A00324FE1 /* SWRevealViewController.h */ = {isa = PBXFileReference; fileEncoding = 4; lastKnownFileType = sourcecode.c.h; path = SWRevealViewController.h; sourceTree = "<group>"; };
		6F6CCED51D95918A00324FE1 /* SWRevealViewController.m */ = {isa = PBXFileReference; fileEncoding = 4; lastKnownFileType = sourcecode.c.objc; path = SWRevealViewController.m; sourceTree = "<group>"; };
		6F6CCED81D95920500324FE1 /* UIViewController.swift */ = {isa = PBXFileReference; fileEncoding = 4; lastKnownFileType = sourcecode.swift; path = UIViewController.swift; sourceTree = "<group>"; };
		6F6CCEDB1D9592D100324FE1 /* PhotoViewController.swift */ = {isa = PBXFileReference; fileEncoding = 4; lastKnownFileType = sourcecode.swift; path = PhotoViewController.swift; sourceTree = "<group>"; };
		6F6CCEDD1D95930800324FE1 /* MapViewController.swift */ = {isa = PBXFileReference; fileEncoding = 4; lastKnownFileType = sourcecode.swift; path = MapViewController.swift; sourceTree = "<group>"; };
		6F6CCEDF1D95932500324FE1 /* BlahViewController.swift */ = {isa = PBXFileReference; fileEncoding = 4; lastKnownFileType = sourcecode.swift; path = BlahViewController.swift; sourceTree = "<group>"; };
		6F6CCEE11D95933C00324FE1 /* OneRightViewController.swift */ = {isa = PBXFileReference; fileEncoding = 4; lastKnownFileType = sourcecode.swift; path = OneRightViewController.swift; sourceTree = "<group>"; };
		6F6CCEE31D95935800324FE1 /* RearViewController.swift */ = {isa = PBXFileReference; fileEncoding = 4; lastKnownFileType = sourcecode.swift; path = RearViewController.swift; sourceTree = "<group>"; };
		6F6CCEE51D95936900324FE1 /* RightViewController.swift */ = {isa = PBXFileReference; fileEncoding = 4; lastKnownFileType = sourcecode.swift; path = RightViewController.swift; sourceTree = "<group>"; };
		6FB9D09E1D991C2500064FF0 /* ContainerSWRevealViewController.swift */ = {isa = PBXFileReference; fileEncoding = 4; lastKnownFileType = sourcecode.swift; path = ContainerSWRevealViewController.swift; sourceTree = "<group>"; };
		6FB9D0A01D9920CE00064FF0 /* UIPanGestureRecognizer.swift */ = {isa = PBXFileReference; fileEncoding = 4; lastKnownFileType = sourcecode.swift; path = UIPanGestureRecognizer.swift; sourceTree = "<group>"; };
		6FB9D0A21D99516600064FF0 /* UIApplication.swift */ = {isa = PBXFileReference; fileEncoding = 4; lastKnownFileType = sourcecode.swift; path = UIApplication.swift; sourceTree = "<group>"; };
		6FB9D0A41D99673000064FF0 /* SWRevealViewControllerMenuOptions.swift */ = {isa = PBXFileReference; fileEncoding = 4; lastKnownFileType = sourcecode.swift; path = SWRevealViewControllerMenuOptions.swift; sourceTree = "<group>"; };
/* End PBXFileReference section */

/* Begin PBXFrameworksBuildPhase section */
		6F6CCEBB1D95915400324FE1 /* Frameworks */ = {
			isa = PBXFrameworksBuildPhase;
			buildActionMask = 2147483647;
			files = (
			);
			runOnlyForDeploymentPostprocessing = 0;
		};
/* End PBXFrameworksBuildPhase section */

/* Begin PBXGroup section */
		6F6CCEB51D95915300324FE1 = {
			isa = PBXGroup;
			children = (
				6F6CCEC01D95915400324FE1 /* SwiftRevealViewController */,
				6F6CCEBF1D95915400324FE1 /* Products */,
			);
			sourceTree = "<group>";
		};
		6F6CCEBF1D95915400324FE1 /* Products */ = {
			isa = PBXGroup;
			children = (
				6F6CCEBE1D95915400324FE1 /* SwiftRevealViewController.app */,
			);
			name = Products;
			sourceTree = "<group>";
		};
		6F6CCEC01D95915400324FE1 /* SwiftRevealViewController */ = {
			isa = PBXGroup;
			children = (
				6F6CCED71D9591B600324FE1 /* SWRevealViewController */,
				6F6CCEDA1D95921C00324FE1 /* Extension */,
				6F6CCEE71D95937700324FE1 /* SideMenu */,
				6F6CCED31D95918900324FE1 /* SwiftRevealViewController-Bridging-Header.h */,
				6F6CCEC11D95915400324FE1 /* AppDelegate.swift */,
				6FB9D09E1D991C2500064FF0 /* ContainerSWRevealViewController.swift */,
				6F6CCEC31D95915400324FE1 /* ViewController.swift */,
				6F6CCEDB1D9592D100324FE1 /* PhotoViewController.swift */,
				6F6CCEDD1D95930800324FE1 /* MapViewController.swift */,
				6F6CCEDF1D95932500324FE1 /* BlahViewController.swift */,
				6F6CCEE11D95933C00324FE1 /* OneRightViewController.swift */,
				6F6CCEC51D95915400324FE1 /* Main.storyboard */,
				6F6CCEC81D95915400324FE1 /* Assets.xcassets */,
				6F6CCECA1D95915400324FE1 /* LaunchScreen.storyboard */,
				6F6CCECD1D95915400324FE1 /* Info.plist */,
			);
			path = SwiftRevealViewController;
			sourceTree = "<group>";
		};
		6F6CCED71D9591B600324FE1 /* SWRevealViewController */ = {
			isa = PBXGroup;
			children = (
				6F6CCED41D95918A00324FE1 /* SWRevealViewController.h */,
				6F6CCED51D95918A00324FE1 /* SWRevealViewController.m */,
			);
			name = SWRevealViewController;
			sourceTree = "<group>";
		};
		6F6CCEDA1D95921C00324FE1 /* Extension */ = {
			isa = PBXGroup;
			children = (
				6FB9D0A21D99516600064FF0 /* UIApplication.swift */,
				6F6CCED81D95920500324FE1 /* UIViewController.swift */,
				6FB9D0A01D9920CE00064FF0 /* UIPanGestureRecognizer.swift */,
			);
			name = Extension;
			sourceTree = "<group>";
		};
		6F6CCEE71D95937700324FE1 /* SideMenu */ = {
			isa = PBXGroup;
			children = (
				6FB9D0A41D99673000064FF0 /* SWRevealViewControllerMenuOptions.swift */,
				6F6CCEE31D95935800324FE1 /* RearViewController.swift */,
				6F6CCEE51D95936900324FE1 /* RightViewController.swift */,
			);
			name = SideMenu;
			sourceTree = "<group>";
		};
/* End PBXGroup section */

/* Begin PBXNativeTarget section */
		6F6CCEBD1D95915400324FE1 /* SwiftRevealViewController */ = {
			isa = PBXNativeTarget;
			buildConfigurationList = 6F6CCED01D95915400324FE1 /* Build configuration list for PBXNativeTarget "SwiftRevealViewController" */;
			buildPhases = (
				6F6CCEBA1D95915400324FE1 /* Sources */,
				6F6CCEBB1D95915400324FE1 /* Frameworks */,
				6F6CCEBC1D95915400324FE1 /* Resources */,
			);
			buildRules = (
			);
			dependencies = (
			);
			name = SwiftRevealViewController;
			productName = SwiftRevealViewController;
			productReference = 6F6CCEBE1D95915400324FE1 /* SwiftRevealViewController.app */;
			productType = "com.apple.product-type.application";
		};
/* End PBXNativeTarget section */

/* Begin PBXProject section */
		6F6CCEB61D95915300324FE1 /* Project object */ = {
			isa = PBXProject;
			attributes = {
				LastSwiftUpdateCheck = 0800;
				LastUpgradeCheck = 0800;
				ORGANIZATIONNAME = kkontus;
				TargetAttributes = {
					6F6CCEBD1D95915400324FE1 = {
						CreatedOnToolsVersion = 8.0;
						DevelopmentTeam = 278VC6QL24;
						LastSwiftMigration = 0800;
						ProvisioningStyle = Automatic;
					};
				};
			};
			buildConfigurationList = 6F6CCEB91D95915300324FE1 /* Build configuration list for PBXProject "SwiftRevealViewController" */;
			compatibilityVersion = "Xcode 3.2";
			developmentRegion = English;
			hasScannedForEncodings = 0;
			knownRegions = (
				en,
				Base,
			);
			mainGroup = 6F6CCEB51D95915300324FE1;
			productRefGroup = 6F6CCEBF1D95915400324FE1 /* Products */;
			projectDirPath = "";
			projectRoot = "";
			targets = (
				6F6CCEBD1D95915400324FE1 /* SwiftRevealViewController */,
			);
		};
/* End PBXProject section */

/* Begin PBXResourcesBuildPhase section */
		6F6CCEBC1D95915400324FE1 /* Resources */ = {
			isa = PBXResourcesBuildPhase;
			buildActionMask = 2147483647;
			files = (
				6F6CCECC1D95915400324FE1 /* LaunchScreen.storyboard in Resources */,
				6F6CCEC91D95915400324FE1 /* Assets.xcassets in Resources */,
				6F6CCEC71D95915400324FE1 /* Main.storyboard in Resources */,
			);
			runOnlyForDeploymentPostprocessing = 0;
		};
/* End PBXResourcesBuildPhase section */

/* Begin PBXSourcesBuildPhase section */
		6F6CCEBA1D95915400324FE1 /* Sources */ = {
			isa = PBXSourcesBuildPhase;
			buildActionMask = 2147483647;
			files = (
				6FB9D0A31D99516600064FF0 /* UIApplication.swift in Sources */,
				6F6CCEC41D95915400324FE1 /* ViewController.swift in Sources */,
				6F6CCEDE1D95930800324FE1 /* MapViewController.swift in Sources */,
				6FB9D09F1D991C2500064FF0 /* ContainerSWRevealViewController.swift in Sources */,
				6F6CCEC21D95915400324FE1 /* AppDelegate.swift in Sources */,
				6FB9D0A51D99673000064FF0 /* SWRevealViewControllerMenuOptions.swift in Sources */,
				6F6CCEE41D95935800324FE1 /* RearViewController.swift in Sources */,
				6F6CCED91D95920500324FE1 /* UIViewController.swift in Sources */,
				6F6CCED61D95918A00324FE1 /* SWRevealViewController.m in Sources */,
				6FB9D0A11D9920CE00064FF0 /* UIPanGestureRecognizer.swift in Sources */,
				6F6CCEDC1D9592D100324FE1 /* PhotoViewController.swift in Sources */,
				6F6CCEE61D95936900324FE1 /* RightViewController.swift in Sources */,
				6F6CCEE21D95933C00324FE1 /* OneRightViewController.swift in Sources */,
				6F6CCEE01D95932500324FE1 /* BlahViewController.swift in Sources */,
			);
			runOnlyForDeploymentPostprocessing = 0;
		};
/* End PBXSourcesBuildPhase section */

/* Begin PBXVariantGroup section */
		6F6CCEC51D95915400324FE1 /* Main.storyboard */ = {
			isa = PBXVariantGroup;
			children = (
				6F6CCEC61D95915400324FE1 /* Base */,
			);
			name = Main.storyboard;
			sourceTree = "<group>";
		};
		6F6CCECA1D95915400324FE1 /* LaunchScreen.storyboard */ = {
			isa = PBXVariantGroup;
			children = (
				6F6CCECB1D95915400324FE1 /* Base */,
			);
			name = LaunchScreen.storyboard;
			sourceTree = "<group>";
		};
/* End PBXVariantGroup section */

/* Begin XCBuildConfiguration section */
		6F6CCECE1D95915400324FE1 /* Debug */ = {
			isa = XCBuildConfiguration;
			buildSettings = {
				ALWAYS_SEARCH_USER_PATHS = NO;
				CLANG_ANALYZER_NONNULL = YES;
				CLANG_CXX_LANGUAGE_STANDARD = "gnu++0x";
				CLANG_CXX_LIBRARY = "libc++";
				CLANG_ENABLE_MODULES = YES;
				CLANG_ENABLE_OBJC_ARC = YES;
				CLANG_WARN_BOOL_CONVERSION = YES;
				CLANG_WARN_CONSTANT_CONVERSION = YES;
				CLANG_WARN_DIRECT_OBJC_ISA_USAGE = YES_ERROR;
				CLANG_WARN_DOCUMENTATION_COMMENTS = YES;
				CLANG_WARN_EMPTY_BODY = YES;
				CLANG_WARN_ENUM_CONVERSION = YES;
				CLANG_WARN_INFINITE_RECURSION = YES;
				CLANG_WARN_INT_CONVERSION = YES;
				CLANG_WARN_OBJC_ROOT_CLASS = YES_ERROR;
				CLANG_WARN_SUSPICIOUS_MOVES = YES;
				CLANG_WARN_UNREACHABLE_CODE = YES;
				CLANG_WARN__DUPLICATE_METHOD_MATCH = YES;
				"CODE_SIGN_IDENTITY[sdk=iphoneos*]" = "iPhone Developer";
				COPY_PHASE_STRIP = NO;
				DEBUG_INFORMATION_FORMAT = dwarf;
				ENABLE_STRICT_OBJC_MSGSEND = YES;
				ENABLE_TESTABILITY = YES;
				GCC_C_LANGUAGE_STANDARD = gnu99;
				GCC_DYNAMIC_NO_PIC = NO;
				GCC_NO_COMMON_BLOCKS = YES;
				GCC_OPTIMIZATION_LEVEL = 0;
				GCC_PREPROCESSOR_DEFINITIONS = (
					"DEBUG=1",
					"$(inherited)",
				);
				GCC_WARN_64_TO_32_BIT_CONVERSION = YES;
				GCC_WARN_ABOUT_RETURN_TYPE = YES_ERROR;
				GCC_WARN_UNDECLARED_SELECTOR = YES;
				GCC_WARN_UNINITIALIZED_AUTOS = YES_AGGRESSIVE;
				GCC_WARN_UNUSED_FUNCTION = YES;
				GCC_WARN_UNUSED_VARIABLE = YES;
				IPHONEOS_DEPLOYMENT_TARGET = 10.0;
				MTL_ENABLE_DEBUG_INFO = YES;
				ONLY_ACTIVE_ARCH = YES;
				SDKROOT = iphoneos;
				SWIFT_ACTIVE_COMPILATION_CONDITIONS = DEBUG;
				SWIFT_OPTIMIZATION_LEVEL = "-Onone";
				TARGETED_DEVICE_FAMILY = "1,2";
			};
			name = Debug;
		};
		6F6CCECF1D95915400324FE1 /* Release */ = {
			isa = XCBuildConfiguration;
			buildSettings = {
				ALWAYS_SEARCH_USER_PATHS = NO;
				CLANG_ANALYZER_NONNULL = YES;
				CLANG_CXX_LANGUAGE_STANDARD = "gnu++0x";
				CLANG_CXX_LIBRARY = "libc++";
				CLANG_ENABLE_MODULES = YES;
				CLANG_ENABLE_OBJC_ARC = YES;
				CLANG_WARN_BOOL_CONVERSION = YES;
				CLANG_WARN_CONSTANT_CONVERSION = YES;
				CLANG_WARN_DIRECT_OBJC_ISA_USAGE = YES_ERROR;
				CLANG_WARN_DOCUMENTATION_COMMENTS = YES;
				CLANG_WARN_EMPTY_BODY = YES;
				CLANG_WARN_ENUM_CONVERSION = YES;
				CLANG_WARN_INFINITE_RECURSION = YES;
				CLANG_WARN_INT_CONVERSION = YES;
				CLANG_WARN_OBJC_ROOT_CLASS = YES_ERROR;
				CLANG_WARN_SUSPICIOUS_MOVES = YES;
				CLANG_WARN_UNREACHABLE_CODE = YES;
				CLANG_WARN__DUPLICATE_METHOD_MATCH = YES;
				"CODE_SIGN_IDENTITY[sdk=iphoneos*]" = "iPhone Developer";
				COPY_PHASE_STRIP = NO;
				DEBUG_INFORMATION_FORMAT = "dwarf-with-dsym";
				ENABLE_NS_ASSERTIONS = NO;
				ENABLE_STRICT_OBJC_MSGSEND = YES;
				GCC_C_LANGUAGE_STANDARD = gnu99;
				GCC_NO_COMMON_BLOCKS = YES;
				GCC_WARN_64_TO_32_BIT_CONVERSION = YES;
				GCC_WARN_ABOUT_RETURN_TYPE = YES_ERROR;
				GCC_WARN_UNDECLARED_SELECTOR = YES;
				GCC_WARN_UNINITIALIZED_AUTOS = YES_AGGRESSIVE;
				GCC_WARN_UNUSED_FUNCTION = YES;
				GCC_WARN_UNUSED_VARIABLE = YES;
				IPHONEOS_DEPLOYMENT_TARGET = 10.0;
				MTL_ENABLE_DEBUG_INFO = NO;
				SDKROOT = iphoneos;
				SWIFT_OPTIMIZATION_LEVEL = "-Owholemodule";
				TARGETED_DEVICE_FAMILY = "1,2";
				VALIDATE_PRODUCT = YES;
			};
			name = Release;
		};
		6F6CCED11D95915400324FE1 /* Debug */ = {
			isa = XCBuildConfiguration;
			buildSettings = {
				ASSETCATALOG_COMPILER_APPICON_NAME = AppIcon;
				CLANG_ENABLE_MODULES = YES;
				DEVELOPMENT_TEAM = 278VC6QL24;
				INFOPLIST_FILE = SwiftRevealViewController/Info.plist;
				LD_RUNPATH_SEARCH_PATHS = "$(inherited) @executable_path/Frameworks";
				PRODUCT_BUNDLE_IDENTIFIER = com.kkontus.SwiftRevealViewController;
				PRODUCT_NAME = "$(TARGET_NAME)";
				SWIFT_OBJC_BRIDGING_HEADER = "SwiftRevealViewController/SwiftRevealViewController-Bridging-Header.h";
				SWIFT_OPTIMIZATION_LEVEL = "-Onone";
				SWIFT_VERSION = 3.0;
			};
			name = Debug;
		};
		6F6CCED21D95915400324FE1 /* Release */ = {
			isa = XCBuildConfiguration;
			buildSettings = {
				ASSETCATALOG_COMPILER_APPICON_NAME = AppIcon;
				CLANG_ENABLE_MODULES = YES;
				DEVELOPMENT_TEAM = 278VC6QL24;
				INFOPLIST_FILE = SwiftRevealViewController/Info.plist;
				LD_RUNPATH_SEARCH_PATHS = "$(inherited) @executable_path/Frameworks";
				PRODUCT_BUNDLE_IDENTIFIER = com.kkontus.SwiftRevealViewController;
				PRODUCT_NAME = "$(TARGET_NAME)";
				SWIFT_OBJC_BRIDGING_HEADER = "SwiftRevealViewController/SwiftRevealViewController-Bridging-Header.h";
				SWIFT_VERSION = 3.0;
			};
			name = Release;
		};
/* End XCBuildConfiguration section */

/* Begin XCConfigurationList section */
		6F6CCEB91D95915300324FE1 /* Build configuration list for PBXProject "SwiftRevealViewController" */ = {
			isa = XCConfigurationList;
			buildConfigurations = (
				6F6CCECE1D95915400324FE1 /* Debug */,
				6F6CCECF1D95915400324FE1 /* Release */,
			);
			defaultConfigurationIsVisible = 0;
			defaultConfigurationName = Release;
		};
		6F6CCED01D95915400324FE1 /* Build configuration list for PBXNativeTarget "SwiftRevealViewController" */ = {
			isa = XCConfigurationList;
			buildConfigurations = (
				6F6CCED11D95915400324FE1 /* Debug */,
				6F6CCED21D95915400324FE1 /* Release */,
			);
			defaultConfigurationIsVisible = 0;
			defaultConfigurationName = Release;
		};
/* End XCConfigurationList section */
	};
	rootObject = 6F6CCEB61D95915300324FE1 /* Project object */;
}
